
Microsoft Visual Studio Solution File, Format Version 12.00
# Visual Studio Version 16
VisualStudioVersion = 16.0.31402.337
MinimumVisualStudioVersion = 10.0.40219.1
Project("{9A19103F-16F7-4668-BE54-9A1E7A4F7556}") = "QuotesMicroservice", "QuotesMicroservice\QuotesMicroservice.csproj", "{38C7D32B-B2C3-4BC3-A5AD-91D7E561ED91}"
EndProject
Project("{FAE04EC0-301F-11D3-BF4B-00C04F79EFBC}") = "QuotesMicroService Test", "QuotesMicroService Test\QuotesMicroService Test.csproj", "{FCFA17C1-8DC9-4BFF-959A-410974E73FB7}"
EndProject
Global
	GlobalSection(SolutionConfigurationPlatforms) = preSolution
		Debug|Any CPU = Debug|Any CPU
		Release|Any CPU = Release|Any CPU
	EndGlobalSection
	GlobalSection(ProjectConfigurationPlatforms) = postSolution
		{38C7D32B-B2C3-4BC3-A5AD-91D7E561ED91}.Debug|Any CPU.ActiveCfg = Debug|Any CPU
		{38C7D32B-B2C3-4BC3-A5AD-91D7E561ED91}.Debug|Any CPU.Build.0 = Debug|Any CPU
		{38C7D32B-B2C3-4BC3-A5AD-91D7E561ED91}.Release|Any CPU.ActiveCfg = Release|Any CPU
		{38C7D32B-B2C3-4BC3-A5AD-91D7E561ED91}.Release|Any CPU.Build.0 = Release|Any CPU
		{FCFA17C1-8DC9-4BFF-959A-410974E73FB7}.Debug|Any CPU.ActiveCfg = Debug|Any CPU
		{FCFA17C1-8DC9-4BFF-959A-410974E73FB7}.Debug|Any CPU.Build.0 = Debug|Any CPU
		{FCFA17C1-8DC9-4BFF-959A-410974E73FB7}.Release|Any CPU.ActiveCfg = Release|Any CPU
		{FCFA17C1-8DC9-4BFF-959A-410974E73FB7}.Release|Any CPU.Build.0 = Release|Any CPU
	EndGlobalSection
	GlobalSection(SolutionProperties) = preSolution
		HideSolutionNode = FALSE
	EndGlobalSection
	GlobalSection(ExtensibilityGlobals) = postSolution
		SolutionGuid = {21D99E56-CDA9-4614-8506-997DD87B0E66}
	EndGlobalSection
EndGlobal
